# This file is autogenerated, do not edit; changes may be undone by the next 'dep ensure'.


[[projects]]
  branch = "master"
  name = "github.com/corpix/uarand"
  packages = ["."]
  revision = "2b8494104d86337cdd41d0a49cbed8e4583c0ab4"

[[projects]]
  branch = "master"
  name = "github.com/icrowley/fake"
  packages = ["."]
  revision = "e64cc2cf92049a299f359734c6ea76073f2a8b2c"

[solve-meta]
  analyzer-name = "dep"
  analyzer-version = 1
  inputs-digest = "3232034c15090ae43ce3d3783b3471c8ca05247aaedab7f7e0b99acbe196db15"
  solver-name = "gps-cdcl"
  solver-version = 1
